Microsoft Visual Studio Solution File, Format Version 12.00
# Visual Studio Version 17
VisualStudioVersion = 17.5.2.0
MinimumVisualStudioVersion = 10.0.40219.1
Project("{FAE04EC0-301F-11D3-BF4B-00C04F79EFBC}") = "ImageMusicPlayer", "ImageMusicPlayer.csproj", "{2FF977E9-6CF7-CA54-F824-F9751D801CC4}"
EndProject
Global
	GlobalSection(SolutionConfigurationPlatforms) = preSolution
		Debug|Any CPU = Debug|Any CPU
		Release|Any CPU = Release|Any CPU
	EndGlobalSection
	GlobalSection(ProjectConfigurationPlatforms) = postSolution
		{2FF977E9-6CF7-CA54-F824-F9751D801CC4}.Debug|Any CPU.ActiveCfg = Debug|Any CPU
		{2FF977E9-6CF7-CA54-F824-F9751D801CC4}.Debug|Any CPU.Build.0 = Debug|Any CPU
		{2FF977E9-6CF7-CA54-F824-F9751D801CC4}.Release|Any CPU.ActiveCfg = Release|Any CPU
		{2FF977E9-6CF7-CA54-F824-F9751D801CC4}.Release|Any CPU.Build.0 = Release|Any CPU
	EndGlobalSection
	GlobalSection(SolutionProperties) = preSolution
		HideSolutionNode = FALSE
	EndGlobalSection
	GlobalSection(ExtensibilityGlobals) = postSolution
		SolutionGuid = {0987FB8D-0FA9-4EE3-A131-1B7B1F29FF77}
	EndGlobalSection
EndGlobal
